// !$*UTF8*$!
{
	archiveVersion = 1;
	classes = {
	};
	objectVersion = 77;
	objects = {

/* Begin PBXBuildFile section */
		02817082715D86A8E81D87B3 /* WeeklyReportView.swift in Sources */ = {isa = PBXBuildFile; fileRef = C3CD3EAD85A9FCA0507D342F /* WeeklyReportView.swift */; };
		0E22C41931CA63A83EBFFCE7 /* SoundAnalysis.framework in Frameworks */ = {isa = PBXBuildFile; fileRef = CACF29FCD23E2D75D9E32D38 /* SoundAnalysis.framework */; };
		11D1EAE17B2EB4FB58B982DD /* Localizable.xcstrings in Resources */ = {isa = PBXBuildFile; fileRef = 1E93CE8991ECE1591F25D95E /* Localizable.xcstrings */; };
		164BC084F406E0A7FB7D53CC /* MessageKeyTests.swift in Sources */ = {isa = PBXBuildFile; fileRef = 838B0AD794EC4A2E027B5F63 /* MessageKeyTests.swift */; };
		1857F65D7DAB6E1938C2C96B /* WatchConnector.swift in Sources */ = {isa = PBXBuildFile; fileRef = DFAC56DBFDD415634C098B87 /* WatchConnector.swift */; };
		1BE588DCBE32AF8934510249 /* SnoreClassifierIntegrationTests.swift in Sources */ = {isa = PBXBuildFile; fileRef = 6BF2A0128EEC6EF4F7EF093C /* SnoreClassifierIntegrationTests.swift */; };
		2134D3639C13E53D1334BC92 /* SnoreLessWidget.appex in Embed Foundation Extensions */ = {isa = PBXBuildFile; fileRef = 676F3D0F8543746E8AB40674 /* SnoreLessWidget.appex */; settings = {ATTRIBUTES = (RemoveHeadersOnCopy, ); }; };
		2157025471A8210B78FACBF7 /* SleepTrackingView.swift in Sources */ = {isa = PBXBuildFile; fileRef = 4790BEA8A07F73549D2E0D75 /* SleepTrackingView.swift */; };
		21758805AA43C052C49CD882 /* AIAnalyzer.swift in Sources */ = {isa = PBXBuildFile; fileRef = 98A12593E4723E9C059373A6 /* AIAnalyzer.swift */; };
		29EAE3CEFB666E534FFC1A2B /* WatchConnectorDecodingTests.swift in Sources */ = {isa = PBXBuildFile; fileRef = 693DA108CC81AFE810A1E74B /* WatchConnectorDecodingTests.swift */; };
		2C6E5DA388CCCA207D987BF1 /* AudioProcessingTests.swift in Sources */ = {isa = PBXBuildFile; fileRef = 5098D71379E2329AC444B166 /* AudioProcessingTests.swift */; };
		310CA4EA507E369F56F9A7DF /* NotificationManager.swift in Sources */ = {isa = PBXBuildFile; fileRef = 0736596B8B1F878BCEF5AE45 /* NotificationManager.swift */; };
		31F769BAC92F5E2B8C015687 /* DashboardView.swift in Sources */ = {isa = PBXBuildFile; fileRef = 1BB43F6B0B285FDABAEB76A5 /* DashboardView.swift */; };
		466375A308E322DA1BDE5B84 /* SleepScoreCalculatorTests.swift in Sources */ = {isa = PBXBuildFile; fileRef = 0712E20015B82066FBF40F52 /* SleepScoreCalculatorTests.swift */; };
		4C5240A170D7563B84F2D2EC /* SleepScoreView.swift in Sources */ = {isa = PBXBuildFile; fileRef = D5C16F2BD6D928BA7B22AACA /* SleepScoreView.swift */; };
		50F41B0C9A70E3C3CC342BF9 /* SleepReportView.swift in Sources */ = {isa = PBXBuildFile; fileRef = 362D94D47A34BF0423EC1B5D /* SleepReportView.swift */; };
		512B7B2175DFD02BAD882909 /* SnoreComplication.swift in Sources */ = {isa = PBXBuildFile; fileRef = 30F6D115F96F3FF1D31AD830 /* SnoreComplication.swift */; };
		51447E449867E725E3CD6A6F /* PartnerShareView.swift in Sources */ = {isa = PBXBuildFile; fileRef = 2BD072673778B9257D2BBE82 /* PartnerShareView.swift */; };
		545331D2EB440534B0DD1ADB /* SnoreClassifier.swift in Sources */ = {isa = PBXBuildFile; fileRef = EEB4F496F729E91120499D6A /* SnoreClassifier.swift */; };
		566D76089DBFD5E805EC9C31 /* PatternAnalyzerTests.swift in Sources */ = {isa = PBXBuildFile; fileRef = 5B7A9431713A580625621BA9 /* PatternAnalyzerTests.swift */; };
		5CF202B4C2256756BDEC6A39 /* SleepModels.swift in Sources */ = {isa = PBXBuildFile; fileRef = A92CED4DFA7738FD9691EF30 /* SleepModels.swift */; };
		5E9C2B57D6A0975FEDA879B4 /* SnoreMessage.swift in Sources */ = {isa = PBXBuildFile; fileRef = 5C4E93E42FEF9BBAA550BC94 /* SnoreMessage.swift */; };
		64650F00A43EF4ED65A137A6 /* HapticController.swift in Sources */ = {isa = PBXBuildFile; fileRef = 421E34067F7754C62ABF1852 /* HapticController.swift */; };
		67B6D8623F8BB408B758F989 /* SettingsView.swift in Sources */ = {isa = PBXBuildFile; fileRef = D1DF81E77BE5626C7C4C8CC2 /* SettingsView.swift */; };
		6CB3ABB20D5283111B73E229 /* SnoreRecorder.swift in Sources */ = {isa = PBXBuildFile; fileRef = 4042F72399150ACA3EF94DEC /* SnoreRecorder.swift */; };
		7130AF4D187FF4F7A5773C97 /* WidgetKit.framework in Frameworks */ = {isa = PBXBuildFile; fileRef = FFE46EEB5F07C5F4C243246D /* WidgetKit.framework */; };
		7436A732462DC03016383591 /* SnoreLessWatchApp.swift in Sources */ = {isa = PBXBuildFile; fileRef = 71F2D0D29DBBED0962D96C1E /* SnoreLessWatchApp.swift */; };
		8199C6E0555E011445D2C509 /* SnoreLessWidgets.swift in Sources */ = {isa = PBXBuildFile; fileRef = AC848865147EA3F6CD6C4B8D /* SnoreLessWidgets.swift */; };
		8C3768D751CE575862A0F558 /* SleepDataStore.swift in Sources */ = {isa = PBXBuildFile; fileRef = B5CEFED4C7D5D25C4B90C78C /* SleepDataStore.swift */; };
		90CDCDE2091DD402400E2EFB /* SnoreLessTestsPlaceholder.swift in Sources */ = {isa = PBXBuildFile; fileRef = 7F3BEF8FD5EC8ED05C47387E /* SnoreLessTestsPlaceholder.swift */; };
		9A6971977B87240586265861 /* CheckInView.swift in Sources */ = {isa = PBXBuildFile; fileRef = 754D678FB0173E12A2286942 /* CheckInView.swift */; };
		A6C1F51E887214B3DF8C3059 /* SnoreDetector.swift in Sources */ = {isa = PBXBuildFile; fileRef = 896F6E998C28F689D7BE8451 /* SnoreDetector.swift */; };
		A6E3242A49A718CDEC9361A5 /* SnorePlaybackView.swift in Sources */ = {isa = PBXBuildFile; fileRef = 83F0DE62B51EDC99E877326B /* SnorePlaybackView.swift */; };
		AA25BCB97A0783B097B56ABC /* SnoreDetectorTests.swift in Sources */ = {isa = PBXBuildFile; fileRef = C86CADA5B18E17A4B3927106 /* SnoreDetectorTests.swift */; };
		AC3BCA5549A8CC400B462200 /* AudioMonitor.swift in Sources */ = {isa = PBXBuildFile; fileRef = D76B160F93FC5187BD3EE311 /* AudioMonitor.swift */; };
		AD629131C9BFA9FAC5BA9BE7 /* PatternAnalyzer.swift in Sources */ = {isa = PBXBuildFile; fileRef = 973A6E069E2FA90C37F20CCE /* PatternAnalyzer.swift */; };
		AF4DAE3CD02422A565181355 /* SmartAlarmManager.swift in Sources */ = {isa = PBXBuildFile; fileRef = CEBC5477D370CD98C9BA869B /* SmartAlarmManager.swift */; };
		B087C4B208E1CAC83E71022E /* HistoryView.swift in Sources */ = {isa = PBXBuildFile; fileRef = 5890222730FA0395E0CB7D77 /* HistoryView.swift */; };
		B545C5511E846220CC76801E /* HapticControllerTests.swift in Sources */ = {isa = PBXBuildFile; fileRef = 00F7DE844DC5425575A9D6A4 /* HapticControllerTests.swift */; };
		B572ADA29B2D3D66013AE23B /* SnoreMessage.swift in Sources */ = {isa = PBXBuildFile; fileRef = 5C4E93E42FEF9BBAA550BC94 /* SnoreMessage.swift */; };
		B955D087D92511D771B92700 /* HapticManager.swift in Sources */ = {isa = PBXBuildFile; fileRef = 0C0B330738E22A84C31CF1CB /* HapticManager.swift */; };
		BC07C9271F7EA55A4C084974 /* SleepScoreCalculator.swift in Sources */ = {isa = PBXBuildFile; fileRef = E87D01B2B39016BAA96F6013 /* SleepScoreCalculator.swift */; };
		C02C35DFBAF677A2B9A29DF2 /* SnoreMessage.swift in Sources */ = {isa = PBXBuildFile; fileRef = 5C4E93E42FEF9BBAA550BC94 /* SnoreMessage.swift */; };
		C3F74D5236FC9B09472F79E3 /* SleepModelsTests.swift in Sources */ = {isa = PBXBuildFile; fileRef = 5EF87DCE6F1C5380223F730E /* SleepModelsTests.swift */; };
		C6DC76E09F3BE9EA1A7ED4F8 /* NotificationTests.swift in Sources */ = {isa = PBXBuildFile; fileRef = DB7BACEDB1FB9B57F5D91E61 /* NotificationTests.swift */; };
		C766DC30DC41796BEE86CCEB /* Assets.xcassets in Resources */ = {isa = PBXBuildFile; fileRef = 0320CD15F4BB4FC69099BFD4 /* Assets.xcassets */; };
		CEE1417EF1721E7F4BA68F86 /* Localizable.xcstrings in Resources */ = {isa = PBXBuildFile; fileRef = 1E93CE8991ECE1591F25D95E /* Localizable.xcstrings */; };
		D2FB952BBF2A48986F47DBE9 /* SnoreLessWatchTestsPlaceholder.swift in Sources */ = {isa = PBXBuildFile; fileRef = 725706ABE56AE6AE33B734FD /* SnoreLessWatchTestsPlaceholder.swift */; };
		D91385E29F6699D078E6E813 /* SleepModels.swift in Sources */ = {isa = PBXBuildFile; fileRef = A92CED4DFA7738FD9691EF30 /* SleepModels.swift */; };
		DC2B395AFD0A93F8EB8AD56E /* HealthKitManager.swift in Sources */ = {isa = PBXBuildFile; fileRef = 4971CAB6DD0518EF3F0078F3 /* HealthKitManager.swift */; };
		DFABB1DFE49B24BEC742B245 /* SnoreLessWatchWidgets.appex in Embed Foundation Extensions */ = {isa = PBXBuildFile; fileRef = 8310AC09E5581B316D0A2FFF /* SnoreLessWatchWidgets.appex */; settings = {ATTRIBUTES = (RemoveHeadersOnCopy, ); }; };
		DFB5CC0A0DDEC9CCE41F5FAE /* SnoreLessApp.swift in Sources */ = {isa = PBXBuildFile; fileRef = 97F160C75A27F3080AB9C0AE /* SnoreLessApp.swift */; };
		DFF2F583AD36E6E2416D95C7 /* WatchSettingsView.swift in Sources */ = {isa = PBXBuildFile; fileRef = AB274E752DF4FC7659010DA3 /* WatchSettingsView.swift */; };
		EC6735C11ADBE9BA3EA7CC98 /* CommunicationProtocolTests.swift in Sources */ = {isa = PBXBuildFile; fileRef = 15E62139083995A515BED32F /* CommunicationProtocolTests.swift */; };
		EEB1BA7422F0CA511706CCC8 /* SnoreLessWatch.app in Embed Watch Content */ = {isa = PBXBuildFile; fileRef = DF459A40AB7A2F23A326E9A1 /* SnoreLessWatch.app */; settings = {ATTRIBUTES = (RemoveHeadersOnCopy, ); }; };
		F044A4804832FC81A8AA0C68 /* SnoreWidgetBundle.swift in Sources */ = {isa = PBXBuildFile; fileRef = 1F150BA80A8D60D8A340BEF5 /* SnoreWidgetBundle.swift */; };
		F2A4AC02AF74A77BABEF7894 /* OnboardingView.swift in Sources */ = {isa = PBXBuildFile; fileRef = 052BD82269C9B6D0C8E1B409 /* OnboardingView.swift */; };
		F33D03985B3D70CD0BFD0D0C /* SleepModels.swift in Sources */ = {isa = PBXBuildFile; fileRef = A92CED4DFA7738FD9691EF30 /* SleepModels.swift */; };
		F4424F793B0BDCAD97E84E6C /* PhoneConnector.swift in Sources */ = {isa = PBXBuildFile; fileRef = 076EB809D766A90A5DC1F502 /* PhoneConnector.swift */; };
		F9EF683069E00B8C572B3913 /* ContentView.swift in Sources */ = {isa = PBXBuildFile; fileRef = C77E4A2371E5D7BB67507FEC /* ContentView.swift */; };
		FAEB9C837822C081966B2375 /* Assets.xcassets in Resources */ = {isa = PBXBuildFile; fileRef = 15D40CF4A9ADCC0FA7BD1E54 /* Assets.xcassets */; };
		FE40F7F43267504209805081 /* Localizable.xcstrings in Resources */ = {isa = PBXBuildFile; fileRef = 1E93CE8991ECE1591F25D95E /* Localizable.xcstrings */; };
		FFBC9DF4138AB772955F78BF /* SessionDataTests.swift in Sources */ = {isa = PBXBuildFile; fileRef = 868005705829ABBBA8599A7B /* SessionDataTests.swift */; };
/* End PBXBuildFile section */

/* Begin PBXContainerItemProxy section */
		02384308B0BDDCACC7C22422 /* PBXContainerItemProxy */ = {
			isa = PBXContainerItemProxy;
			containerPortal = 6BDD0B12892C9E80C4036906 /* Project object */;
			proxyType = 1;
			remoteGlobalIDString = 5CF4FC3A5C2C9CA3146F869C;
			remoteInfo = SnoreLessWatch;
		};
		0D3D669360E7EBA853D6F7E3 /* PBXContainerItemProxy */ = {
			isa = PBXContainerItemProxy;
			containerPortal = 6BDD0B12892C9E80C4036906 /* Project object */;
			proxyType = 1;
			remoteGlobalIDString = 825520FF64317BC9C518B969;
			remoteInfo = SnoreLessWidget;
		};
		25C215D654D586015CD2207B /* PBXContainerItemProxy */ = {
			isa = PBXContainerItemProxy;
			containerPortal = 6BDD0B12892C9E80C4036906 /* Project object */;
			proxyType = 1;
			remoteGlobalIDString = 82F2C35072F75C5715F26FDE;
			remoteInfo = SnoreLessWatchWidgets;
		};
		8F1C86989C351644FD3D9FB0 /* PBXContainerItemProxy */ = {
			isa = PBXContainerItemProxy;
			containerPortal = 6BDD0B12892C9E80C4036906 /* Project object */;
			proxyType = 1;
			remoteGlobalIDString = 2C4B4317C94DA8E6F5685DDA;
			remoteInfo = SnoreLess;
		};
		EB423EE5A19AECB1F20EC41E /* PBXContainerItemProxy */ = {
			isa = PBXContainerItemProxy;
			containerPortal = 6BDD0B12892C9E80C4036906 /* Project object */;
			proxyType = 1;
			remoteGlobalIDString = 5CF4FC3A5C2C9CA3146F869C;
			remoteInfo = SnoreLessWatch;
		};
/* End PBXContainerItemProxy section */

/* Begin PBXCopyFilesBuildPhase section */
		133212D7E59139EF129A4499 /* Embed Foundation Extensions */ = {
			isa = PBXCopyFilesBuildPhase;
			buildActionMask = 2147483647;
			dstPath = "";
			dstSubfolderSpec = 13;
			files = (
				2134D3639C13E53D1334BC92 /* SnoreLessWidget.appex in Embed Foundation Extensions */,
			);
			name = "Embed Foundation Extensions";
			runOnlyForDeploymentPostprocessing = 0;
		};
		448CB987129FDE85055F32EC /* Embed Watch Content */ = {
			isa = PBXCopyFilesBuildPhase;
			buildActionMask = 2147483647;
			dstPath = "$(CONTENTS_FOLDER_PATH)/Watch";
			dstSubfolderSpec = 16;
			files = (
				EEB1BA7422F0CA511706CCC8 /* SnoreLessWatch.app in Embed Watch Content */,
			);
			name = "Embed Watch Content";
			runOnlyForDeploymentPostprocessing = 0;
		};
		826505176E3008245F1D6CDB /* Embed Foundation Extensions */ = {
			isa = PBXCopyFilesBuildPhase;
			buildActionMask = 2147483647;
			dstPath = "";
			dstSubfolderSpec = 13;
			files = (
				DFABB1DFE49B24BEC742B245 /* SnoreLessWatchWidgets.appex in Embed Foundation Extensions */,
			);
			name = "Embed Foundation Extensions";
			runOnlyForDeploymentPostprocessing = 0;
		};
/* End PBXCopyFilesBuildPhase section */

/* Begin PBXFileReference section */
		00B210FB7886ED890859D0D7 /* Info.plist */ = {isa = PBXFileReference; lastKnownFileType = text.plist; path = Info.plist; sourceTree = "<group>"; };
		00F7DE844DC5425575A9D6A4 /* HapticControllerTests.swift */ = {isa = PBXFileReference; lastKnownFileType = sourcecode.swift; path = HapticControllerTests.swift; sourceTree = "<group>"; };
		0320CD15F4BB4FC69099BFD4 /* Assets.xcassets */ = {isa = PBXFileReference; lastKnownFileType = folder.assetcatalog; path = Assets.xcassets; sourceTree = "<group>"; };
		052BD82269C9B6D0C8E1B409 /* OnboardingView.swift */ = {isa = PBXFileReference; lastKnownFileType = sourcecode.swift; path = OnboardingView.swift; sourceTree = "<group>"; };
		0712E20015B82066FBF40F52 /* SleepScoreCalculatorTests.swift */ = {isa = PBXFileReference; lastKnownFileType = sourcecode.swift; path = SleepScoreCalculatorTests.swift; sourceTree = "<group>"; };
		0736596B8B1F878BCEF5AE45 /* NotificationManager.swift */ = {isa = PBXFileReference; lastKnownFileType = sourcecode.swift; path = NotificationManager.swift; sourceTree = "<group>"; };
		076EB809D766A90A5DC1F502 /* PhoneConnector.swift */ = {isa = PBXFileReference; lastKnownFileType = sourcecode.swift; path = PhoneConnector.swift; sourceTree = "<group>"; };
		0C0B330738E22A84C31CF1CB /* HapticManager.swift */ = {isa = PBXFileReference; lastKnownFileType = sourcecode.swift; path = HapticManager.swift; sourceTree = "<group>"; };
		15D40CF4A9ADCC0FA7BD1E54 /* Assets.xcassets */ = {isa = PBXFileReference; lastKnownFileType = folder.assetcatalog; path = Assets.xcassets; sourceTree = "<group>"; };
		15E62139083995A515BED32F /* CommunicationProtocolTests.swift */ = {isa = PBXFileReference; lastKnownFileType = sourcecode.swift; path = CommunicationProtocolTests.swift; sourceTree = "<group>"; };
		1BB43F6B0B285FDABAEB76A5 /* DashboardView.swift */ = {isa = PBXFileReference; lastKnownFileType = sourcecode.swift; path = DashboardView.swift; sourceTree = "<group>"; };
		1E93CE8991ECE1591F25D95E /* Localizable.xcstrings */ = {isa = PBXFileReference; lastKnownFileType = text.json.xcstrings; path = Localizable.xcstrings; sourceTree = "<group>"; };
		1F150BA80A8D60D8A340BEF5 /* SnoreWidgetBundle.swift */ = {isa = PBXFileReference; lastKnownFileType = sourcecode.swift; path = SnoreWidgetBundle.swift; sourceTree = "<group>"; };
		2BD072673778B9257D2BBE82 /* PartnerShareView.swift */ = {isa = PBXFileReference; lastKnownFileType = sourcecode.swift; path = PartnerShareView.swift; sourceTree = "<group>"; };
		30F6D115F96F3FF1D31AD830 /* SnoreComplication.swift */ = {isa = PBXFileReference; lastKnownFileType = sourcecode.swift; path = SnoreComplication.swift; sourceTree = "<group>"; };
		31BF5F04B97928E37D29BD1C /* SnoreLessWidget.entitlements */ = {isa = PBXFileReference; lastKnownFileType = text.plist.entitlements; path = SnoreLessWidget.entitlements; sourceTree = "<group>"; };
		362D94D47A34BF0423EC1B5D /* SleepReportView.swift */ = {isa = PBXFileReference; lastKnownFileType = sourcecode.swift; path = SleepReportView.swift; sourceTree = "<group>"; };
		36F9E2680C1BC6DB9D3A6C89 /* Info.plist */ = {isa = PBXFileReference; lastKnownFileType = text.plist; path = Info.plist; sourceTree = "<group>"; };
		4042F72399150ACA3EF94DEC /* SnoreRecorder.swift */ = {isa = PBXFileReference; lastKnownFileType = sourcecode.swift; path = SnoreRecorder.swift; sourceTree = "<group>"; };
		421E34067F7754C62ABF1852 /* HapticController.swift */ = {isa = PBXFileReference; lastKnownFileType = sourcecode.swift; path = HapticController.swift; sourceTree = "<group>"; };
		4790BEA8A07F73549D2E0D75 /* SleepTrackingView.swift */ = {isa = PBXFileReference; lastKnownFileType = sourcecode.swift; path = SleepTrackingView.swift; sourceTree = "<group>"; };
		4971CAB6DD0518EF3F0078F3 /* HealthKitManager.swift */ = {isa = PBXFileReference; lastKnownFileType = sourcecode.swift; path = HealthKitManager.swift; sourceTree = "<group>"; };
		5098D71379E2329AC444B166 /* AudioProcessingTests.swift */ = {isa = PBXFileReference; lastKnownFileType = sourcecode.swift; path = AudioProcessingTests.swift; sourceTree = "<group>"; };
		5890222730FA0395E0CB7D77 /* HistoryView.swift */ = {isa = PBXFileReference; lastKnownFileType = sourcecode.swift; path = HistoryView.swift; sourceTree = "<group>"; };
		5B7A9431713A580625621BA9 /* PatternAnalyzerTests.swift */ = {isa = PBXFileReference; lastKnownFileType = sourcecode.swift; path = PatternAnalyzerTests.swift; sourceTree = "<group>"; };
		5C4E93E42FEF9BBAA550BC94 /* SnoreMessage.swift */ = {isa = PBXFileReference; lastKnownFileType = sourcecode.swift; path = SnoreMessage.swift; sourceTree = "<group>"; };
		5EE3F846A143BEDD88FE1873 /* SnoreLessWatch.entitlements */ = {isa = PBXFileReference; lastKnownFileType = text.plist.entitlements; path = SnoreLessWatch.entitlements; sourceTree = "<group>"; };
		5EF87DCE6F1C5380223F730E /* SleepModelsTests.swift */ = {isa = PBXFileReference; lastKnownFileType = sourcecode.swift; path = SleepModelsTests.swift; sourceTree = "<group>"; };
		676F3D0F8543746E8AB40674 /* SnoreLessWidget.appex */ = {isa = PBXFileReference; includeInIndex = 0; lastKnownFileType = "wrapper.app-extension"; path = SnoreLessWidget.appex; sourceTree = BUILT_PRODUCTS_DIR; };
		693DA108CC81AFE810A1E74B /* WatchConnectorDecodingTests.swift */ = {isa = PBXFileReference; lastKnownFileType = sourcecode.swift; path = WatchConnectorDecodingTests.swift; sourceTree = "<group>"; };
		6BF2A0128EEC6EF4F7EF093C /* SnoreClassifierIntegrationTests.swift */ = {isa = PBXFileReference; lastKnownFileType = sourcecode.swift; path = SnoreClassifierIntegrationTests.swift; sourceTree = "<group>"; };
		71F2D0D29DBBED0962D96C1E /* SnoreLessWatchApp.swift */ = {isa = PBXFileReference; lastKnownFileType = sourcecode.swift; path = SnoreLessWatchApp.swift; sourceTree = "<group>"; };
		725706ABE56AE6AE33B734FD /* SnoreLessWatchTestsPlaceholder.swift */ = {isa = PBXFileReference; lastKnownFileType = sourcecode.swift; path = SnoreLessWatchTestsPlaceholder.swift; sourceTree = "<group>"; };
		754D678FB0173E12A2286942 /* CheckInView.swift */ = {isa = PBXFileReference; lastKnownFileType = sourcecode.swift; path = CheckInView.swift; sourceTree = "<group>"; };
		7C0557D33EDD9EC4DFBA6E49 /* Info.plist */ = {isa = PBXFileReference; lastKnownFileType = text.plist; path = Info.plist; sourceTree = "<group>"; };
		7F3BEF8FD5EC8ED05C47387E /* SnoreLessTestsPlaceholder.swift */ = {isa = PBXFileReference; lastKnownFileType = sourcecode.swift; path = SnoreLessTestsPlaceholder.swift; sourceTree = "<group>"; };
		8310AC09E5581B316D0A2FFF /* SnoreLessWatchWidgets.appex */ = {isa = PBXFileReference; explicitFileType = "wrapper.app-extension"; includeInIndex = 0; path = SnoreLessWatchWidgets.appex; sourceTree = BUILT_PRODUCTS_DIR; };
		838B0AD794EC4A2E027B5F63 /* MessageKeyTests.swift */ = {isa = PBXFileReference; lastKnownFileType = sourcecode.swift; path = MessageKeyTests.swift; sourceTree = "<group>"; };
		83F0DE62B51EDC99E877326B /* SnorePlaybackView.swift */ = {isa = PBXFileReference; lastKnownFileType = sourcecode.swift; path = SnorePlaybackView.swift; sourceTree = "<group>"; };
		868005705829ABBBA8599A7B /* SessionDataTests.swift */ = {isa = PBXFileReference; lastKnownFileType = sourcecode.swift; path = SessionDataTests.swift; sourceTree = "<group>"; };
		896F6E998C28F689D7BE8451 /* SnoreDetector.swift */ = {isa = PBXFileReference; lastKnownFileType = sourcecode.swift; path = SnoreDetector.swift; sourceTree = "<group>"; };
		93E2A055AA0472F1CB612124 /* SnoreLess.entitlements */ = {isa = PBXFileReference; lastKnownFileType = text.plist.entitlements; path = SnoreLess.entitlements; sourceTree = "<group>"; };
		96898AE5E16340A04B12F115 /* SnoreLessWatchTests.xctest */ = {isa = PBXFileReference; explicitFileType = wrapper.cfbundle; includeInIndex = 0; path = SnoreLessWatchTests.xctest; sourceTree = BUILT_PRODUCTS_DIR; };
		973A6E069E2FA90C37F20CCE /* PatternAnalyzer.swift */ = {isa = PBXFileReference; lastKnownFileType = sourcecode.swift; path = PatternAnalyzer.swift; sourceTree = "<group>"; };
		97F160C75A27F3080AB9C0AE /* SnoreLessApp.swift */ = {isa = PBXFileReference; lastKnownFileType = sourcecode.swift; path = SnoreLessApp.swift; sourceTree = "<group>"; };
		98A12593E4723E9C059373A6 /* AIAnalyzer.swift */ = {isa = PBXFileReference; lastKnownFileType = sourcecode.swift; path = AIAnalyzer.swift; sourceTree = "<group>"; };
		A92CED4DFA7738FD9691EF30 /* SleepModels.swift */ = {isa = PBXFileReference; lastKnownFileType = sourcecode.swift; path = SleepModels.swift; sourceTree = "<group>"; };
		AB274E752DF4FC7659010DA3 /* WatchSettingsView.swift */ = {isa = PBXFileReference; lastKnownFileType = sourcecode.swift; path = WatchSettingsView.swift; sourceTree = "<group>"; };
		AC848865147EA3F6CD6C4B8D /* SnoreLessWidgets.swift */ = {isa = PBXFileReference; lastKnownFileType = sourcecode.swift; path = SnoreLessWidgets.swift; sourceTree = "<group>"; };
		B5CEFED4C7D5D25C4B90C78C /* SleepDataStore.swift */ = {isa = PBXFileReference; lastKnownFileType = sourcecode.swift; path = SleepDataStore.swift; sourceTree = "<group>"; };
		C3CD3EAD85A9FCA0507D342F /* WeeklyReportView.swift */ = {isa = PBXFileReference; lastKnownFileType = sourcecode.swift; path = WeeklyReportView.swift; sourceTree = "<group>"; };
		C77E4A2371E5D7BB67507FEC /* ContentView.swift */ = {isa = PBXFileReference; lastKnownFileType = sourcecode.swift; path = ContentView.swift; sourceTree = "<group>"; };
		C86CADA5B18E17A4B3927106 /* SnoreDetectorTests.swift */ = {isa = PBXFileReference; lastKnownFileType = sourcecode.swift; path = SnoreDetectorTests.swift; sourceTree = "<group>"; };
		CACF29FCD23E2D75D9E32D38 /* SoundAnalysis.framework */ = {isa = PBXFileReference; lastKnownFileType = wrapper.framework; path = SoundAnalysis.framework; sourceTree = "<group>"; };
		CEBC5477D370CD98C9BA869B /* SmartAlarmManager.swift */ = {isa = PBXFileReference; lastKnownFileType = sourcecode.swift; path = SmartAlarmManager.swift; sourceTree = "<group>"; };
		D1DF81E77BE5626C7C4C8CC2 /* SettingsView.swift */ = {isa = PBXFileReference; lastKnownFileType = sourcecode.swift; path = SettingsView.swift; sourceTree = "<group>"; };
		D5C16F2BD6D928BA7B22AACA /* SleepScoreView.swift */ = {isa = PBXFileReference; lastKnownFileType = sourcecode.swift; path = SleepScoreView.swift; sourceTree = "<group>"; };
		D76B160F93FC5187BD3EE311 /* AudioMonitor.swift */ = {isa = PBXFileReference; lastKnownFileType = sourcecode.swift; path = AudioMonitor.swift; sourceTree = "<group>"; };
		DB6358C83D55AAA0C8068C59 /* SnoreLessTests.xctest */ = {isa = PBXFileReference; includeInIndex = 0; lastKnownFileType = wrapper.cfbundle; path = SnoreLessTests.xctest; sourceTree = BUILT_PRODUCTS_DIR; };
		DB7BACEDB1FB9B57F5D91E61 /* NotificationTests.swift */ = {isa = PBXFileReference; lastKnownFileType = sourcecode.swift; path = NotificationTests.swift; sourceTree = "<group>"; };
		DF459A40AB7A2F23A326E9A1 /* SnoreLessWatch.app */ = {isa = PBXFileReference; explicitFileType = wrapper.application; includeInIndex = 0; path = SnoreLessWatch.app; sourceTree = BUILT_PRODUCTS_DIR; };
		DFAC56DBFDD415634C098B87 /* WatchConnector.swift */ = {isa = PBXFileReference; lastKnownFileType = sourcecode.swift; path = WatchConnector.swift; sourceTree = "<group>"; };
		E1C4CB08BB5C405CE12202D8 /* SnoreLess.app */ = {isa = PBXFileReference; includeInIndex = 0; lastKnownFileType = wrapper.application; path = SnoreLess.app; sourceTree = BUILT_PRODUCTS_DIR; };
		E87D01B2B39016BAA96F6013 /* SleepScoreCalculator.swift */ = {isa = PBXFileReference; lastKnownFileType = sourcecode.swift; path = SleepScoreCalculator.swift; sourceTree = "<group>"; };
		EEB4F496F729E91120499D6A /* SnoreClassifier.swift */ = {isa = PBXFileReference; lastKnownFileType = sourcecode.swift; path = SnoreClassifier.swift; sourceTree = "<group>"; };
		FFE46EEB5F07C5F4C243246D /* WidgetKit.framework */ = {isa = PBXFileReference; lastKnownFileType = wrapper.framework; name = WidgetKit.framework; path = System/Library/Frameworks/WidgetKit.framework; sourceTree = SDKROOT; };
/* End PBXFileReference section */

/* Begin PBXFrameworksBuildPhase section */
		32D378E0C685B93AF4770562 /* Frameworks */ = {
			isa = PBXFrameworksBuildPhase;
			buildActionMask = 2147483647;
			files = (
				0E22C41931CA63A83EBFFCE7 /* SoundAnalysis.framework in Frameworks */,
				7130AF4D187FF4F7A5773C97 /* WidgetKit.framework in Frameworks */,
			);
			runOnlyForDeploymentPostprocessing = 0;
		};
/* End PBXFrameworksBuildPhase section */

/* Begin PBXGroup section */
		03843C0152E78CBB2AD79640 /* Services */ = {
			isa = PBXGroup;
			children = (
				D76B160F93FC5187BD3EE311 /* AudioMonitor.swift */,
				421E34067F7754C62ABF1852 /* HapticController.swift */,
				076EB809D766A90A5DC1F502 /* PhoneConnector.swift */,
				CEBC5477D370CD98C9BA869B /* SmartAlarmManager.swift */,
				EEB4F496F729E91120499D6A /* SnoreClassifier.swift */,
				896F6E998C28F689D7BE8451 /* SnoreDetector.swift */,
				4042F72399150ACA3EF94DEC /* SnoreRecorder.swift */,
			);
			path = Services;
			sourceTree = "<group>";
		};
		2097787E3FC8C910D2DA9D3E /* SnoreLessWidget */ = {
			isa = PBXGroup;
			children = (
				00B210FB7886ED890859D0D7 /* Info.plist */,
				31BF5F04B97928E37D29BD1C /* SnoreLessWidget.entitlements */,
				AC848865147EA3F6CD6C4B8D /* SnoreLessWidgets.swift */,
			);
			path = SnoreLessWidget;
			sourceTree = "<group>";
		};
		2232A86154E5429E2533A025 /* SnoreLessTests */ = {
			isa = PBXGroup;
			children = (
				7F3BEF8FD5EC8ED05C47387E /* SnoreLessTestsPlaceholder.swift */,
				E443C87E8F4EDD75A324EB6B /* Integration */,
				9C3697CEF01DDF7A9E8F2DBA /* Models */,
				462CB53FBC24457FC53B39F0 /* Services */,
			);
			name = SnoreLessTests;
			path = Tests/SnoreLessTests;
			sourceTree = "<group>";
		};
		2A31E5F43F823FA9C29FB21B /* Response */ = {
			isa = PBXGroup;
			children = (
				00F7DE844DC5425575A9D6A4 /* HapticControllerTests.swift */,
			);
			path = Response;
			sourceTree = "<group>";
		};
		2FD3684C71E91FAFFF247A24 /* Services */ = {
			isa = PBXGroup;
			children = (
				98A12593E4723E9C059373A6 /* AIAnalyzer.swift */,
				0C0B330738E22A84C31CF1CB /* HapticManager.swift */,
				4971CAB6DD0518EF3F0078F3 /* HealthKitManager.swift */,
				0736596B8B1F878BCEF5AE45 /* NotificationManager.swift */,
				973A6E069E2FA90C37F20CCE /* PatternAnalyzer.swift */,
				B5CEFED4C7D5D25C4B90C78C /* SleepDataStore.swift */,
				E87D01B2B39016BAA96F6013 /* SleepScoreCalculator.swift */,
				DFAC56DBFDD415634C098B87 /* WatchConnector.swift */,
			);
			path = Services;
			sourceTree = "<group>";
		};
		35E9A279E0F3B1AE353CC9D7 /* SnoreLess */ = {
			isa = PBXGroup;
			children = (
				15D40CF4A9ADCC0FA7BD1E54 /* Assets.xcassets */,
				C77E4A2371E5D7BB67507FEC /* ContentView.swift */,
				93E2A055AA0472F1CB612124 /* SnoreLess.entitlements */,
				97F160C75A27F3080AB9C0AE /* SnoreLessApp.swift */,
				4E9CD7150BB1F7FFD389C05E /* Models */,
				2FD3684C71E91FAFFF247A24 /* Services */,
				685E9D4F269F7A854943C490 /* Views */,
			);
			path = SnoreLess;
			sourceTree = "<group>";
		};
		461C4A9493E5161EAC40F2BF /* Products */ = {
			isa = PBXGroup;
			children = (
				E1C4CB08BB5C405CE12202D8 /* SnoreLess.app */,
				DB6358C83D55AAA0C8068C59 /* SnoreLessTests.xctest */,
				DF459A40AB7A2F23A326E9A1 /* SnoreLessWatch.app */,
				96898AE5E16340A04B12F115 /* SnoreLessWatchTests.xctest */,
				8310AC09E5581B316D0A2FFF /* SnoreLessWatchWidgets.appex */,
				676F3D0F8543746E8AB40674 /* SnoreLessWidget.appex */,
			);
			name = Products;
			sourceTree = "<group>";
		};
		462CB53FBC24457FC53B39F0 /* Services */ = {
			isa = PBXGroup;
			children = (
				DB7BACEDB1FB9B57F5D91E61 /* NotificationTests.swift */,
				5B7A9431713A580625621BA9 /* PatternAnalyzerTests.swift */,
				0712E20015B82066FBF40F52 /* SleepScoreCalculatorTests.swift */,
				693DA108CC81AFE810A1E74B /* WatchConnectorDecodingTests.swift */,
			);
			path = Services;
			sourceTree = "<group>";
		};
		46FBC93F7784A1B9E60D54C9 /* SnoreLessWatch */ = {
			isa = PBXGroup;
			children = (
				0320CD15F4BB4FC69099BFD4 /* Assets.xcassets */,
				36F9E2680C1BC6DB9D3A6C89 /* Info.plist */,
				4790BEA8A07F73549D2E0D75 /* SleepTrackingView.swift */,
				5EE3F846A143BEDD88FE1873 /* SnoreLessWatch.entitlements */,
				71F2D0D29DBBED0962D96C1E /* SnoreLessWatchApp.swift */,
				AB274E752DF4FC7659010DA3 /* WatchSettingsView.swift */,
				03843C0152E78CBB2AD79640 /* Services */,
			);
			path = SnoreLessWatch;
			sourceTree = "<group>";
		};
		4E9CD7150BB1F7FFD389C05E /* Models */ = {
			isa = PBXGroup;
			children = (
			);
			path = Models;
			sourceTree = "<group>";
		};
		5B4AAB366FBE1DF42777048C /* Detection */ = {
			isa = PBXGroup;
			children = (
				5098D71379E2329AC444B166 /* AudioProcessingTests.swift */,
				6BF2A0128EEC6EF4F7EF093C /* SnoreClassifierIntegrationTests.swift */,
				C86CADA5B18E17A4B3927106 /* SnoreDetectorTests.swift */,
			);
			path = Detection;
			sourceTree = "<group>";
		};
		662F0AE036EB314D6819C7C7 = {
			isa = PBXGroup;
			children = (
				ED76AD864C906E9AD51FD57B /* Complications */,
				7989D5EC6BD6C0B43DCCE13E /* Shared */,
				35E9A279E0F3B1AE353CC9D7 /* SnoreLess */,
				2232A86154E5429E2533A025 /* SnoreLessTests */,
				46FBC93F7784A1B9E60D54C9 /* SnoreLessWatch */,
				EBD7454DA0C2D49A0CE3FE3C /* SnoreLessWatchTests */,
				2097787E3FC8C910D2DA9D3E /* SnoreLessWidget */,
				7465EFEB408164D618CF9A71 /* Frameworks */,
				461C4A9493E5161EAC40F2BF /* Products */,
			);
			sourceTree = "<group>";
		};
		685E9D4F269F7A854943C490 /* Views */ = {
			isa = PBXGroup;
			children = (
				754D678FB0173E12A2286942 /* CheckInView.swift */,
				1BB43F6B0B285FDABAEB76A5 /* DashboardView.swift */,
				5890222730FA0395E0CB7D77 /* HistoryView.swift */,
				052BD82269C9B6D0C8E1B409 /* OnboardingView.swift */,
				2BD072673778B9257D2BBE82 /* PartnerShareView.swift */,
				D1DF81E77BE5626C7C4C8CC2 /* SettingsView.swift */,
				362D94D47A34BF0423EC1B5D /* SleepReportView.swift */,
				D5C16F2BD6D928BA7B22AACA /* SleepScoreView.swift */,
				83F0DE62B51EDC99E877326B /* SnorePlaybackView.swift */,
				C3CD3EAD85A9FCA0507D342F /* WeeklyReportView.swift */,
			);
			path = Views;
			sourceTree = "<group>";
		};
		7269E2565F241513A2947DC6 /* Communication */ = {
			isa = PBXGroup;
			children = (
				838B0AD794EC4A2E027B5F63 /* MessageKeyTests.swift */,
				868005705829ABBBA8599A7B /* SessionDataTests.swift */,
			);
			path = Communication;
			sourceTree = "<group>";
		};
		7465EFEB408164D618CF9A71 /* Frameworks */ = {
			isa = PBXGroup;
			children = (
				CACF29FCD23E2D75D9E32D38 /* SoundAnalysis.framework */,
				FFE46EEB5F07C5F4C243246D /* WidgetKit.framework */,
			);
			name = Frameworks;
			sourceTree = "<group>";
		};
		7989D5EC6BD6C0B43DCCE13E /* Shared */ = {
			isa = PBXGroup;
			children = (
				1E93CE8991ECE1591F25D95E /* Localizable.xcstrings */,
				A92CED4DFA7738FD9691EF30 /* SleepModels.swift */,
				5C4E93E42FEF9BBAA550BC94 /* SnoreMessage.swift */,
			);
			path = Shared;
			sourceTree = "<group>";
		};
		9C3697CEF01DDF7A9E8F2DBA /* Models */ = {
			isa = PBXGroup;
			children = (
				5EF87DCE6F1C5380223F730E /* SleepModelsTests.swift */,
			);
			path = Models;
			sourceTree = "<group>";
		};
		E443C87E8F4EDD75A324EB6B /* Integration */ = {
			isa = PBXGroup;
			children = (
				15E62139083995A515BED32F /* CommunicationProtocolTests.swift */,
			);
			path = Integration;
			sourceTree = "<group>";
		};
		EBD7454DA0C2D49A0CE3FE3C /* SnoreLessWatchTests */ = {
			isa = PBXGroup;
			children = (
				725706ABE56AE6AE33B734FD /* SnoreLessWatchTestsPlaceholder.swift */,
				7269E2565F241513A2947DC6 /* Communication */,
				5B4AAB366FBE1DF42777048C /* Detection */,
				2A31E5F43F823FA9C29FB21B /* Response */,
			);
			name = SnoreLessWatchTests;
			path = Tests/SnoreLessWatchTests;
			sourceTree = "<group>";
		};
		ED76AD864C906E9AD51FD57B /* Complications */ = {
			isa = PBXGroup;
			children = (
				7C0557D33EDD9EC4DFBA6E49 /* Info.plist */,
				30F6D115F96F3FF1D31AD830 /* SnoreComplication.swift */,
				1F150BA80A8D60D8A340BEF5 /* SnoreWidgetBundle.swift */,
			);
			name = Complications;
			path = SnoreLessWatch/Complications;
			sourceTree = "<group>";
		};
/* End PBXGroup section */

/* Begin PBXNativeTarget section */
		2C4B4317C94DA8E6F5685DDA /* SnoreLess */ = {
			isa = PBXNativeTarget;
			buildConfigurationList = 1802F53702B2D17795860A39 /* Build configuration list for PBXNativeTarget "SnoreLess" */;
			buildPhases = (
				4331A6CD75EA796F814345AD /* Sources */,
				5D5BECB53778F3F2AFD50905 /* Resources */,
				133212D7E59139EF129A4499 /* Embed Foundation Extensions */,
				448CB987129FDE85055F32EC /* Embed Watch Content */,
			);
			buildRules = (
			);
			dependencies = (
				3DFBB7485B268ABEA6F2EC5C /* PBXTargetDependency */,
				FA4561A10557A6BEC57527AB /* PBXTargetDependency */,
			);
			name = SnoreLess;
			packageProductDependencies = (
			);
			productName = SnoreLess;
			productReference = E1C4CB08BB5C405CE12202D8 /* SnoreLess.app */;
			productType = "com.apple.product-type.application";
		};
		5CF4FC3A5C2C9CA3146F869C /* SnoreLessWatch */ = {
			isa = PBXNativeTarget;
			buildConfigurationList = E5364C4C71DD9F32899102D4 /* Build configuration list for PBXNativeTarget "SnoreLessWatch" */;
			buildPhases = (
				32A533BAAB8042B83022A3EF /* Sources */,
				DF4E7184FD16598CA3C8C80E /* Resources */,
				32D378E0C685B93AF4770562 /* Frameworks */,
				826505176E3008245F1D6CDB /* Embed Foundation Extensions */,
			);
			buildRules = (
			);
			dependencies = (
				C7844F706525549335EC5C84 /* PBXTargetDependency */,
			);
			name = SnoreLessWatch;
			packageProductDependencies = (
			);
			productName = SnoreLessWatch;
			productReference = DF459A40AB7A2F23A326E9A1 /* SnoreLessWatch.app */;
			productType = "com.apple.product-type.application";
		};
		825520FF64317BC9C518B969 /* SnoreLessWidget */ = {
			isa = PBXNativeTarget;
			buildConfigurationList = 2D7592B2D14215AF6F0F701B /* Build configuration list for PBXNativeTarget "SnoreLessWidget" */;
			buildPhases = (
				AC35B31ADA059697CAC48FF1 /* Sources */,
				C1125A5B5E7AC9E87EAE0C24 /* Resources */,
			);
			buildRules = (
			);
			dependencies = (
			);
			name = SnoreLessWidget;
			packageProductDependencies = (
			);
			productName = SnoreLessWidget;
			productReference = 676F3D0F8543746E8AB40674 /* SnoreLessWidget.appex */;
			productType = "com.apple.product-type.app-extension";
		};
		82F2C35072F75C5715F26FDE /* SnoreLessWatchWidgets */ = {
			isa = PBXNativeTarget;
			buildConfigurationList = A3F8EAC2E75553A9D05E4316 /* Build configuration list for PBXNativeTarget "SnoreLessWatchWidgets" */;
			buildPhases = (
				FC77A952BEA657A9E21E7739 /* Sources */,
			);
			buildRules = (
			);
			dependencies = (
			);
			name = SnoreLessWatchWidgets;
			packageProductDependencies = (
			);
			productName = SnoreLessWatchWidgets;
			productReference = 8310AC09E5581B316D0A2FFF /* SnoreLessWatchWidgets.appex */;
			productType = "com.apple.product-type.app-extension";
		};
		8D51CF185355BAACD4256DBF /* SnoreLessTests */ = {
			isa = PBXNativeTarget;
			buildConfigurationList = A8E2BD0A7447D970F3B504D3 /* Build configuration list for PBXNativeTarget "SnoreLessTests" */;
			buildPhases = (
				35F3D39931AEEFE7F3C064F9 /* Sources */,
			);
			buildRules = (
			);
			dependencies = (
				73485C86378AFB9E8132BACC /* PBXTargetDependency */,
			);
			name = SnoreLessTests;
			packageProductDependencies = (
			);
			productName = SnoreLessTests;
			productReference = DB6358C83D55AAA0C8068C59 /* SnoreLessTests.xctest */;
			productType = "com.apple.product-type.bundle.unit-test";
		};
		E5D5A9CA4E7198BBB0F6B0D0 /* SnoreLessWatchTests */ = {
			isa = PBXNativeTarget;
			buildConfigurationList = 99B6F69916DBC8A5B9FAAF48 /* Build configuration list for PBXNativeTarget "SnoreLessWatchTests" */;
			buildPhases = (
				2E470F174052A9B99CEF7AA7 /* Sources */,
			);
			buildRules = (
			);
			dependencies = (
				F97219111E94C541CA0159EC /* PBXTargetDependency */,
			);
			name = SnoreLessWatchTests;
			packageProductDependencies = (
			);
			productName = SnoreLessWatchTests;
			productReference = 96898AE5E16340A04B12F115 /* SnoreLessWatchTests.xctest */;
			productType = "com.apple.product-type.bundle.unit-test";
		};
/* End PBXNativeTarget section */

/* Begin PBXProject section */
		6BDD0B12892C9E80C4036906 /* Project object */ = {
			isa = PBXProject;
			attributes = {
				BuildIndependentTargetsInParallel = YES;
				LastUpgradeCheck = 1600;
				TargetAttributes = {
					2C4B4317C94DA8E6F5685DDA = {
						DevelopmentTeam = 52GH89WGBV;
						ProvisioningStyle = Automatic;
					};
					5CF4FC3A5C2C9CA3146F869C = {
						DevelopmentTeam = 52GH89WGBV;
						ProvisioningStyle = Automatic;
					};
					825520FF64317BC9C518B969 = {
						DevelopmentTeam = 52GH89WGBV;
						ProvisioningStyle = Automatic;
					};
					82F2C35072F75C5715F26FDE = {
						DevelopmentTeam = 52GH89WGBV;
						ProvisioningStyle = Automatic;
					};
					8D51CF185355BAACD4256DBF = {
						DevelopmentTeam = 52GH89WGBV;
						ProvisioningStyle = Automatic;
					};
					E5D5A9CA4E7198BBB0F6B0D0 = {
						DevelopmentTeam = 52GH89WGBV;
						ProvisioningStyle = Automatic;
					};
				};
			};
			buildConfigurationList = CE21E2A6D647B700FBC17E95 /* Build configuration list for PBXProject "SnoreLess" */;
			developmentRegion = en;
			hasScannedForEncodings = 0;
			knownRegions = (
				Base,
				en,
				ja,
				ko,
			);
			mainGroup = 662F0AE036EB314D6819C7C7;
			minimizedProjectReferenceProxies = 1;
			preferredProjectObjectVersion = 77;
			productRefGroup = 461C4A9493E5161EAC40F2BF /* Products */;
			projectDirPath = "";
			projectRoot = "";
			targets = (
				2C4B4317C94DA8E6F5685DDA /* SnoreLess */,
				8D51CF185355BAACD4256DBF /* SnoreLessTests */,
				5CF4FC3A5C2C9CA3146F869C /* SnoreLessWatch */,
				E5D5A9CA4E7198BBB0F6B0D0 /* SnoreLessWatchTests */,
				82F2C35072F75C5715F26FDE /* SnoreLessWatchWidgets */,
				825520FF64317BC9C518B969 /* SnoreLessWidget */,
			);
		};
/* End PBXProject section */

/* Begin PBXResourcesBuildPhase section */
		5D5BECB53778F3F2AFD50905 /* Resources */ = {
			isa = PBXResourcesBuildPhase;
			buildActionMask = 2147483647;
			files = (
				FAEB9C837822C081966B2375 /* Assets.xcassets in Resources */,
				FE40F7F43267504209805081 /* Localizable.xcstrings in Resources */,
			);
			runOnlyForDeploymentPostprocessing = 0;
		};
		C1125A5B5E7AC9E87EAE0C24 /* Resources */ = {
			isa = PBXResourcesBuildPhase;
			buildActionMask = 2147483647;
			files = (
				CEE1417EF1721E7F4BA68F86 /* Localizable.xcstrings in Resources */,
			);
			runOnlyForDeploymentPostprocessing = 0;
		};
		DF4E7184FD16598CA3C8C80E /* Resources */ = {
			isa = PBXResourcesBuildPhase;
			buildActionMask = 2147483647;
			files = (
				C766DC30DC41796BEE86CCEB /* Assets.xcassets in Resources */,
				11D1EAE17B2EB4FB58B982DD /* Localizable.xcstrings in Resources */,
			);
			runOnlyForDeploymentPostprocessing = 0;
		};
/* End PBXResourcesBuildPhase section */

/* Begin PBXSourcesBuildPhase section */
		2E470F174052A9B99CEF7AA7 /* Sources */ = {
			isa = PBXSourcesBuildPhase;
			buildActionMask = 2147483647;
			files = (
				2C6E5DA388CCCA207D987BF1 /* AudioProcessingTests.swift in Sources */,
				B545C5511E846220CC76801E /* HapticControllerTests.swift in Sources */,
				164BC084F406E0A7FB7D53CC /* MessageKeyTests.swift in Sources */,
				FFBC9DF4138AB772955F78BF /* SessionDataTests.swift in Sources */,
				1BE588DCBE32AF8934510249 /* SnoreClassifierIntegrationTests.swift in Sources */,
				AA25BCB97A0783B097B56ABC /* SnoreDetectorTests.swift in Sources */,
				D2FB952BBF2A48986F47DBE9 /* SnoreLessWatchTestsPlaceholder.swift in Sources */,
			);
			runOnlyForDeploymentPostprocessing = 0;
		};
		32A533BAAB8042B83022A3EF /* Sources */ = {
			isa = PBXSourcesBuildPhase;
			buildActionMask = 2147483647;
			files = (
				AC3BCA5549A8CC400B462200 /* AudioMonitor.swift in Sources */,
				64650F00A43EF4ED65A137A6 /* HapticController.swift in Sources */,
				F4424F793B0BDCAD97E84E6C /* PhoneConnector.swift in Sources */,
				D91385E29F6699D078E6E813 /* SleepModels.swift in Sources */,
				2157025471A8210B78FACBF7 /* SleepTrackingView.swift in Sources */,
				AF4DAE3CD02422A565181355 /* SmartAlarmManager.swift in Sources */,
				545331D2EB440534B0DD1ADB /* SnoreClassifier.swift in Sources */,
				A6C1F51E887214B3DF8C3059 /* SnoreDetector.swift in Sources */,
				7436A732462DC03016383591 /* SnoreLessWatchApp.swift in Sources */,
				C02C35DFBAF677A2B9A29DF2 /* SnoreMessage.swift in Sources */,
				6CB3ABB20D5283111B73E229 /* SnoreRecorder.swift in Sources */,
				DFF2F583AD36E6E2416D95C7 /* WatchSettingsView.swift in Sources */,
			);
			runOnlyForDeploymentPostprocessing = 0;
		};
		35F3D39931AEEFE7F3C064F9 /* Sources */ = {
			isa = PBXSourcesBuildPhase;
			buildActionMask = 2147483647;
			files = (
				EC6735C11ADBE9BA3EA7CC98 /* CommunicationProtocolTests.swift in Sources */,
				C6DC76E09F3BE9EA1A7ED4F8 /* NotificationTests.swift in Sources */,
				566D76089DBFD5E805EC9C31 /* PatternAnalyzerTests.swift in Sources */,
				C3F74D5236FC9B09472F79E3 /* SleepModelsTests.swift in Sources */,
				466375A308E322DA1BDE5B84 /* SleepScoreCalculatorTests.swift in Sources */,
				90CDCDE2091DD402400E2EFB /* SnoreLessTestsPlaceholder.swift in Sources */,
				29EAE3CEFB666E534FFC1A2B /* WatchConnectorDecodingTests.swift in Sources */,
			);
			runOnlyForDeploymentPostprocessing = 0;
		};
		4331A6CD75EA796F814345AD /* Sources */ = {
			isa = PBXSourcesBuildPhase;
			buildActionMask = 2147483647;
			files = (
				21758805AA43C052C49CD882 /* AIAnalyzer.swift in Sources */,
				9A6971977B87240586265861 /* CheckInView.swift in Sources */,
				F9EF683069E00B8C572B3913 /* ContentView.swift in Sources */,
				31F769BAC92F5E2B8C015687 /* DashboardView.swift in Sources */,
				B955D087D92511D771B92700 /* HapticManager.swift in Sources */,
				DC2B395AFD0A93F8EB8AD56E /* HealthKitManager.swift in Sources */,
				B087C4B208E1CAC83E71022E /* HistoryView.swift in Sources */,
				310CA4EA507E369F56F9A7DF /* NotificationManager.swift in Sources */,
				F2A4AC02AF74A77BABEF7894 /* OnboardingView.swift in Sources */,
				51447E449867E725E3CD6A6F /* PartnerShareView.swift in Sources */,
				AD629131C9BFA9FAC5BA9BE7 /* PatternAnalyzer.swift in Sources */,
				67B6D8623F8BB408B758F989 /* SettingsView.swift in Sources */,
				8C3768D751CE575862A0F558 /* SleepDataStore.swift in Sources */,
				5CF202B4C2256756BDEC6A39 /* SleepModels.swift in Sources */,
				50F41B0C9A70E3C3CC342BF9 /* SleepReportView.swift in Sources */,
				BC07C9271F7EA55A4C084974 /* SleepScoreCalculator.swift in Sources */,
				4C5240A170D7563B84F2D2EC /* SleepScoreView.swift in Sources */,
				DFB5CC0A0DDEC9CCE41F5FAE /* SnoreLessApp.swift in Sources */,
				B572ADA29B2D3D66013AE23B /* SnoreMessage.swift in Sources */,
				A6E3242A49A718CDEC9361A5 /* SnorePlaybackView.swift in Sources */,
				1857F65D7DAB6E1938C2C96B /* WatchConnector.swift in Sources */,
				02817082715D86A8E81D87B3 /* WeeklyReportView.swift in Sources */,
			);
			runOnlyForDeploymentPostprocessing = 0;
		};
		AC35B31ADA059697CAC48FF1 /* Sources */ = {
			isa = PBXSourcesBuildPhase;
			buildActionMask = 2147483647;
			files = (
				F33D03985B3D70CD0BFD0D0C /* SleepModels.swift in Sources */,
				8199C6E0555E011445D2C509 /* SnoreLessWidgets.swift in Sources */,
				5E9C2B57D6A0975FEDA879B4 /* SnoreMessage.swift in Sources */,
			);
			runOnlyForDeploymentPostprocessing = 0;
		};
		FC77A952BEA657A9E21E7739 /* Sources */ = {
			isa = PBXSourcesBuildPhase;
			buildActionMask = 2147483647;
			files = (
				512B7B2175DFD02BAD882909 /* SnoreComplication.swift in Sources */,
				F044A4804832FC81A8AA0C68 /* SnoreWidgetBundle.swift in Sources */,
			);
			runOnlyForDeploymentPostprocessing = 0;
		};
/* End PBXSourcesBuildPhase section */

/* Begin PBXTargetDependency section */
		3DFBB7485B268ABEA6F2EC5C /* PBXTargetDependency */ = {
			isa = PBXTargetDependency;
			target = 5CF4FC3A5C2C9CA3146F869C /* SnoreLessWatch */;
			targetProxy = EB423EE5A19AECB1F20EC41E /* PBXContainerItemProxy */;
		};
		73485C86378AFB9E8132BACC /* PBXTargetDependency */ = {
			isa = PBXTargetDependency;
			target = 2C4B4317C94DA8E6F5685DDA /* SnoreLess */;
			targetProxy = 8F1C86989C351644FD3D9FB0 /* PBXContainerItemProxy */;
		};
		C7844F706525549335EC5C84 /* PBXTargetDependency */ = {
			isa = PBXTargetDependency;
			target = 82F2C35072F75C5715F26FDE /* SnoreLessWatchWidgets */;
			targetProxy = 25C215D654D586015CD2207B /* PBXContainerItemProxy */;
		};
		F97219111E94C541CA0159EC /* PBXTargetDependency */ = {
			isa = PBXTargetDependency;
			target = 5CF4FC3A5C2C9CA3146F869C /* SnoreLessWatch */;
			targetProxy = 02384308B0BDDCACC7C22422 /* PBXContainerItemProxy */;
		};
		FA4561A10557A6BEC57527AB /* PBXTargetDependency */ = {
			isa = PBXTargetDependency;
			target = 825520FF64317BC9C518B969 /* SnoreLessWidget */;
			targetProxy = 0D3D669360E7EBA853D6F7E3 /* PBXContainerItemProxy */;
		};
/* End PBXTargetDependency section */

/* Begin XCBuildConfiguration section */
		29ED1CD9BE9DD633D3634324 /* Release */ = {
			isa = XCBuildConfiguration;
			buildSettings = {
				ASSETCATALOG_COMPILER_APPICON_NAME = AppIcon;
				CODE_SIGN_ENTITLEMENTS = SnoreLessWatch/SnoreLessWatch.entitlements;
				CODE_SIGN_IDENTITY = "Apple Development";
				CODE_SIGN_STYLE = Automatic;
				FRAMEWORK_SEARCH_PATHS = (
					"$(inherited)",
					"\".\"",
				);
				GENERATE_INFOPLIST_FILE = YES;
				INFOPLIST_FILE = SnoreLessWatch/Info.plist;
				INFOPLIST_KEY_CFBundleDisplayName = "코골이 방지";
				INFOPLIST_KEY_NSHealthShareUsageDescription = "수면 품질 분석을 위해 건강 데이터에 접근합니다.";
				INFOPLIST_KEY_NSHealthUpdateUsageDescription = "수면 중 코골이 데이터를 건강 앱에 기록합니다.";
				INFOPLIST_KEY_NSMicrophoneUsageDescription = "코골이 감지를 위해 마이크에 접근합니다.";
				INFOPLIST_KEY_WKCompanionAppBundleIdentifier = com.nicenoodle.snoreless;
				INFOPLIST_KEY_WKRunsIndependentlyOfCompanionApp = NO;
				PRODUCT_BUNDLE_IDENTIFIER = com.nicenoodle.snoreless.watchkitapp;
				SDKROOT = watchos;
				SKIP_INSTALL = YES;
				TARGETED_DEVICE_FAMILY = 4;
			};
			name = Release;
		};
		31356AAFF509186F593CFB80 /* Debug */ = {
			isa = XCBuildConfiguration;
			buildSettings = {
				ALWAYS_SEARCH_USER_PATHS = NO;
				CLANG_ANALYZER_NONNULL = YES;
				CLANG_ANALYZER_NUMBER_OBJECT_CONVERSION = YES_AGGRESSIVE;
				CLANG_CXX_LANGUAGE_STANDARD = "gnu++14";
				CLANG_CXX_LIBRARY = "libc++";
				CLANG_ENABLE_MODULES = YES;
				CLANG_ENABLE_OBJC_ARC = YES;
				CLANG_ENABLE_OBJC_WEAK = YES;
				CLANG_WARN_BLOCK_CAPTURE_AUTORELEASING = YES;
				CLANG_WARN_BOOL_CONVERSION = YES;
				CLANG_WARN_COMMA = YES;
				CLANG_WARN_CONSTANT_CONVERSION = YES;
				CLANG_WARN_DEPRECATED_OBJC_IMPLEMENTATIONS = YES;
				CLANG_WARN_DIRECT_OBJC_ISA_USAGE = YES_ERROR;
				CLANG_WARN_DOCUMENTATION_COMMENTS = YES;
				CLANG_WARN_EMPTY_BODY = YES;
				CLANG_WARN_ENUM_CONVERSION = YES;
				CLANG_WARN_INFINITE_RECURSION = YES;
				CLANG_WARN_INT_CONVERSION = YES;
				CLANG_WARN_NON_LITERAL_NULL_CONVERSION = YES;
				CLANG_WARN_OBJC_IMPLICIT_RETAIN_SELF = YES;
				CLANG_WARN_OBJC_LITERAL_CONVERSION = YES;
				CLANG_WARN_OBJC_ROOT_CLASS = YES_ERROR;
				CLANG_WARN_QUOTED_INCLUDE_IN_FRAMEWORK_HEADER = YES;
				CLANG_WARN_RANGE_LOOP_ANALYSIS = YES;
				CLANG_WARN_STRICT_PROTOTYPES = YES;
				CLANG_WARN_SUSPICIOUS_MOVE = YES;
				CLANG_WARN_UNGUARDED_AVAILABILITY = YES_AGGRESSIVE;
				CLANG_WARN_UNREACHABLE_CODE = YES;
				CLANG_WARN__DUPLICATE_METHOD_MATCH = YES;
				COPY_PHASE_STRIP = NO;
				CURRENT_PROJECT_VERSION = 2;
				DEBUG_INFORMATION_FORMAT = dwarf;
				DEVELOPMENT_TEAM = 52GH89WGBV;
				ENABLE_STRICT_OBJC_MSGSEND = YES;
				ENABLE_TESTABILITY = YES;
				GCC_C_LANGUAGE_STANDARD = gnu11;
				GCC_DYNAMIC_NO_PIC = NO;
				GCC_NO_COMMON_BLOCKS = YES;
				GCC_OPTIMIZATION_LEVEL = 0;
				GCC_PREPROCESSOR_DEFINITIONS = (
					"$(inherited)",
					"DEBUG=1",
				);
				GCC_WARN_64_TO_32_BIT_CONVERSION = YES;
				GCC_WARN_ABOUT_RETURN_TYPE = YES_ERROR;
				GCC_WARN_UNDECLARED_SELECTOR = YES;
				GCC_WARN_UNINITIALIZED_AUTOS = YES_AGGRESSIVE;
				GCC_WARN_UNUSED_FUNCTION = YES;
				GCC_WARN_UNUSED_VARIABLE = YES;
				IPHONEOS_DEPLOYMENT_TARGET = 17.0;
				MARKETING_VERSION = 1.0.0;
				MTL_ENABLE_DEBUG_INFO = INCLUDE_SOURCE;
				MTL_FAST_MATH = YES;
				ONLY_ACTIVE_ARCH = YES;
				PRODUCT_NAME = "$(TARGET_NAME)";
				SWIFT_ACTIVE_COMPILATION_CONDITIONS = DEBUG;
				SWIFT_EMIT_LOC_STRINGS = YES;
				SWIFT_OPTIMIZATION_LEVEL = "-Onone";
				SWIFT_VERSION = 5.9;
				WATCHOS_DEPLOYMENT_TARGET = 10.0;
			};
			name = Debug;
		};
		35F5C377F2F764406C244E14 /* Release */ = {
			isa = XCBuildConfiguration;
			buildSettings = {
				CODE_SIGN_ENTITLEMENTS = SnoreLessWidget/SnoreLessWidget.entitlements;
				CODE_SIGN_IDENTITY = "Apple Development";
				CODE_SIGN_STYLE = Automatic;
				GENERATE_INFOPLIST_FILE = NO;
				INFOPLIST_FILE = SnoreLessWidget/Info.plist;
				LD_RUNPATH_SEARCH_PATHS = (
					"$(inherited)",
					"@executable_path/Frameworks",
					"@executable_path/../../Frameworks",
				);
				PRODUCT_BUNDLE_IDENTIFIER = com.nicenoodle.snoreless.widget;
				SDKROOT = iphoneos;
				TARGETED_DEVICE_FAMILY = "1,2";
			};
			name = Release;
		};
		4B9FD4D684E5AAD39E9E138D /* Release */ = {
			isa = XCBuildConfiguration;
			buildSettings = {
				ASSETCATALOG_COMPILER_APPICON_NAME = AppIcon;
				CODE_SIGN_ENTITLEMENTS = SnoreLess/SnoreLess.entitlements;
				CODE_SIGN_IDENTITY = "Apple Development";
				CODE_SIGN_STYLE = Automatic;
				GENERATE_INFOPLIST_FILE = YES;
				INFOPLIST_KEY_CFBundleDisplayName = "코골이 방지";
				INFOPLIST_KEY_NSHealthShareUsageDescription = "수면 품질 분석을 위해 건강 데이터에 접근합니다.";
				INFOPLIST_KEY_NSHealthUpdateUsageDescription = "수면 중 코골이 데이터를 건강 앱에 기록합니다.";
				INFOPLIST_KEY_NSMicrophoneUsageDescription = "코골이 감지를 위해 마이크에 접근합니다.";
				INFOPLIST_KEY_UIApplicationSceneManifest_Generation = YES;
				INFOPLIST_KEY_UIApplicationSupportsIndirectInputEvents = YES;
				INFOPLIST_KEY_UILaunchScreen_Generation = YES;
				INFOPLIST_KEY_UISupportedInterfaceOrientations_iPad = "UIInterfaceOrientationPortrait UIInterfaceOrientationPortraitUpsideDown UIInterfaceOrientationLandscapeLeft UIInterfaceOrientationLandscapeRight";
				INFOPLIST_KEY_UISupportedInterfaceOrientations_iPhone = UIInterfaceOrientationPortrait;
				LD_RUNPATH_SEARCH_PATHS = (
					"$(inherited)",
					"@executable_path/Frameworks",
				);
				PRODUCT_BUNDLE_IDENTIFIER = com.nicenoodle.snoreless;
				SDKROOT = iphoneos;
				TARGETED_DEVICE_FAMILY = "1,2";
			};
			name = Release;
		};
		51D1B17AB64378F582B938B6 /* Debug */ = {
			isa = XCBuildConfiguration;
			buildSettings = {
				CODE_SIGN_IDENTITY = "Apple Development";
				CODE_SIGN_STYLE = Automatic;
				GENERATE_INFOPLIST_FILE = NO;
				INFOPLIST_FILE = SnoreLessWatch/Complications/Info.plist;
				LD_RUNPATH_SEARCH_PATHS = (
					"$(inherited)",
					"@executable_path/Frameworks",
					"@executable_path/../../Frameworks",
				);
				PRODUCT_BUNDLE_IDENTIFIER = com.nicenoodle.snoreless.watchkitapp.widgets;
				SDKROOT = watchos;
				SKIP_INSTALL = YES;
				TARGETED_DEVICE_FAMILY = 4;
			};
			name = Debug;
		};
		6DCB8566EAF71E3830C7E107 /* Release */ = {
			isa = XCBuildConfiguration;
			buildSettings = {
				BUNDLE_LOADER = "$(TEST_HOST)";
				CODE_SIGN_IDENTITY = "Apple Development";
				CODE_SIGN_STYLE = Automatic;
				GENERATE_INFOPLIST_FILE = YES;
				LD_RUNPATH_SEARCH_PATHS = (
					"$(inherited)",
					"@executable_path/Frameworks",
					"@loader_path/Frameworks",
				);
				PRODUCT_BUNDLE_IDENTIFIER = com.nicenoodle.snoreless.tests;
				SDKROOT = iphoneos;
				TARGETED_DEVICE_FAMILY = "1,2";
				TEST_HOST = "$(BUILT_PRODUCTS_DIR)/SnoreLess.app/SnoreLess";
			};
			name = Release;
		};
		739A9E339E56FAF64C4F1427 /* Debug */ = {
			isa = XCBuildConfiguration;
			buildSettings = {
				BUNDLE_LOADER = "$(TEST_HOST)";
				CODE_SIGN_IDENTITY = "Apple Development";
				CODE_SIGN_STYLE = Automatic;
				GENERATE_INFOPLIST_FILE = YES;
				LD_RUNPATH_SEARCH_PATHS = (
					"$(inherited)",
					"@executable_path/Frameworks",
					"@loader_path/Frameworks",
				);
				PRODUCT_BUNDLE_IDENTIFIER = com.nicenoodle.snoreless.tests;
				SDKROOT = iphoneos;
				TARGETED_DEVICE_FAMILY = "1,2";
				TEST_HOST = "$(BUILT_PRODUCTS_DIR)/SnoreLess.app/SnoreLess";
			};
			name = Debug;
		};
		79901FC7EF6F18596FE3076D /* Debug */ = {
			isa = XCBuildConfiguration;
			buildSettings = {
				ASSETCATALOG_COMPILER_APPICON_NAME = AppIcon;
				CODE_SIGN_ENTITLEMENTS = SnoreLessWatch/SnoreLessWatch.entitlements;
				CODE_SIGN_IDENTITY = "Apple Development";
				CODE_SIGN_STYLE = Automatic;
				FRAMEWORK_SEARCH_PATHS = (
					"$(inherited)",
					"\".\"",
				);
				GENERATE_INFOPLIST_FILE = YES;
				INFOPLIST_FILE = SnoreLessWatch/Info.plist;
				INFOPLIST_KEY_CFBundleDisplayName = "코골이 방지";
				INFOPLIST_KEY_NSHealthShareUsageDescription = "수면 품질 분석을 위해 건강 데이터에 접근합니다.";
				INFOPLIST_KEY_NSHealthUpdateUsageDescription = "수면 중 코골이 데이터를 건강 앱에 기록합니다.";
				INFOPLIST_KEY_NSMicrophoneUsageDescription = "코골이 감지를 위해 마이크에 접근합니다.";
				INFOPLIST_KEY_WKCompanionAppBundleIdentifier = com.nicenoodle.snoreless;
				INFOPLIST_KEY_WKRunsIndependentlyOfCompanionApp = NO;
				PRODUCT_BUNDLE_IDENTIFIER = com.nicenoodle.snoreless.watchkitapp;
				SDKROOT = watchos;
				SKIP_INSTALL = YES;
				TARGETED_DEVICE_FAMILY = 4;
			};
			name = Debug;
		};
		BA323844322F0178AAF7E7C8 /* Debug */ = {
			isa = XCBuildConfiguration;
			buildSettings = {
				ASSETCATALOG_COMPILER_APPICON_NAME = AppIcon;
				CODE_SIGN_ENTITLEMENTS = SnoreLess/SnoreLess.entitlements;
				CODE_SIGN_IDENTITY = "Apple Development";
				CODE_SIGN_STYLE = Automatic;
				GENERATE_INFOPLIST_FILE = YES;
				INFOPLIST_KEY_CFBundleDisplayName = "코골이 방지";
				INFOPLIST_KEY_NSHealthShareUsageDescription = "수면 품질 분석을 위해 건강 데이터에 접근합니다.";
				INFOPLIST_KEY_NSHealthUpdateUsageDescription = "수면 중 코골이 데이터를 건강 앱에 기록합니다.";
				INFOPLIST_KEY_NSMicrophoneUsageDescription = "코골이 감지를 위해 마이크에 접근합니다.";
				INFOPLIST_KEY_UIApplicationSceneManifest_Generation = YES;
				INFOPLIST_KEY_UIApplicationSupportsIndirectInputEvents = YES;
				INFOPLIST_KEY_UILaunchScreen_Generation = YES;
				INFOPLIST_KEY_UISupportedInterfaceOrientations_iPad = "UIInterfaceOrientationPortrait UIInterfaceOrientationPortraitUpsideDown UIInterfaceOrientationLandscapeLeft UIInterfaceOrientationLandscapeRight";
				INFOPLIST_KEY_UISupportedInterfaceOrientations_iPhone = UIInterfaceOrientationPortrait;
				LD_RUNPATH_SEARCH_PATHS = (
					"$(inherited)",
					"@executable_path/Frameworks",
				);
				PRODUCT_BUNDLE_IDENTIFIER = com.nicenoodle.snoreless;
				SDKROOT = iphoneos;
				TARGETED_DEVICE_FAMILY = "1,2";
			};
			name = Debug;
		};
		C21CFD29EB8493B409ED605B /* Release */ = {
			isa = XCBuildConfiguration;
			buildSettings = {
				BUNDLE_LOADER = "$(TEST_HOST)";
				CODE_SIGN_IDENTITY = "Apple Development";
				CODE_SIGN_STYLE = Automatic;
				GENERATE_INFOPLIST_FILE = YES;
				LD_RUNPATH_SEARCH_PATHS = (
					"$(inherited)",
					"@executable_path/Frameworks",
					"@loader_path/Frameworks",
				);
				PRODUCT_BUNDLE_IDENTIFIER = com.nicenoodle.snoreless.watchtests;
				SDKROOT = watchos;
				SKIP_INSTALL = YES;
				TARGETED_DEVICE_FAMILY = 4;
				TEST_HOST = "$(BUILT_PRODUCTS_DIR)/SnoreLessWatch.app/SnoreLessWatch";
			};
			name = Release;
		};
		C2C93925C3248F4B4FC188A5 /* Release */ = {
			isa = XCBuildConfiguration;
			buildSettings = {
				ALWAYS_SEARCH_USER_PATHS = NO;
				CLANG_ANALYZER_NONNULL = YES;
				CLANG_ANALYZER_NUMBER_OBJECT_CONVERSION = YES_AGGRESSIVE;
				CLANG_CXX_LANGUAGE_STANDARD = "gnu++14";
				CLANG_CXX_LIBRARY = "libc++";
				CLANG_ENABLE_MODULES = YES;
				CLANG_ENABLE_OBJC_ARC = YES;
				CLANG_ENABLE_OBJC_WEAK = YES;
				CLANG_WARN_BLOCK_CAPTURE_AUTORELEASING = YES;
				CLANG_WARN_BOOL_CONVERSION = YES;
				CLANG_WARN_COMMA = YES;
				CLANG_WARN_CONSTANT_CONVERSION = YES;
				CLANG_WARN_DEPRECATED_OBJC_IMPLEMENTATIONS = YES;
				CLANG_WARN_DIRECT_OBJC_ISA_USAGE = YES_ERROR;
				CLANG_WARN_DOCUMENTATION_COMMENTS = YES;
				CLANG_WARN_EMPTY_BODY = YES;
				CLANG_WARN_ENUM_CONVERSION = YES;
				CLANG_WARN_INFINITE_RECURSION = YES;
				CLANG_WARN_INT_CONVERSION = YES;
				CLANG_WARN_NON_LITERAL_NULL_CONVERSION = YES;
				CLANG_WARN_OBJC_IMPLICIT_RETAIN_SELF = YES;
				CLANG_WARN_OBJC_LITERAL_CONVERSION = YES;
				CLANG_WARN_OBJC_ROOT_CLASS = YES_ERROR;
				CLANG_WARN_QUOTED_INCLUDE_IN_FRAMEWORK_HEADER = YES;
				CLANG_WARN_RANGE_LOOP_ANALYSIS = YES;
				CLANG_WARN_STRICT_PROTOTYPES = YES;
				CLANG_WARN_SUSPICIOUS_MOVE = YES;
				CLANG_WARN_UNGUARDED_AVAILABILITY = YES_AGGRESSIVE;
				CLANG_WARN_UNREACHABLE_CODE = YES;
				CLANG_WARN__DUPLICATE_METHOD_MATCH = YES;
				COPY_PHASE_STRIP = NO;
				CURRENT_PROJECT_VERSION = 2;
				DEBUG_INFORMATION_FORMAT = "dwarf-with-dsym";
				DEVELOPMENT_TEAM = 52GH89WGBV;
				ENABLE_NS_ASSERTIONS = NO;
				ENABLE_STRICT_OBJC_MSGSEND = YES;
				GCC_C_LANGUAGE_STANDARD = gnu11;
				GCC_NO_COMMON_BLOCKS = YES;
				GCC_WARN_64_TO_32_BIT_CONVERSION = YES;
				GCC_WARN_ABOUT_RETURN_TYPE = YES_ERROR;
				GCC_WARN_UNDECLARED_SELECTOR = YES;
				GCC_WARN_UNINITIALIZED_AUTOS = YES_AGGRESSIVE;
				GCC_WARN_UNUSED_FUNCTION = YES;
				GCC_WARN_UNUSED_VARIABLE = YES;
				IPHONEOS_DEPLOYMENT_TARGET = 17.0;
				MARKETING_VERSION = 1.0.0;
				MTL_ENABLE_DEBUG_INFO = NO;
				MTL_FAST_MATH = YES;
				PRODUCT_NAME = "$(TARGET_NAME)";
				SWIFT_COMPILATION_MODE = wholemodule;
				SWIFT_EMIT_LOC_STRINGS = YES;
				SWIFT_OPTIMIZATION_LEVEL = "-O";
				SWIFT_VERSION = 5.9;
				WATCHOS_DEPLOYMENT_TARGET = 10.0;
			};
			name = Release;
		};
		C72B588A790F0194241450B2 /* Debug */ = {
			isa = XCBuildConfiguration;
			buildSettings = {
				BUNDLE_LOADER = "$(TEST_HOST)";
				CODE_SIGN_IDENTITY = "Apple Development";
				CODE_SIGN_STYLE = Automatic;
				GENERATE_INFOPLIST_FILE = YES;
				LD_RUNPATH_SEARCH_PATHS = (
					"$(inherited)",
					"@executable_path/Frameworks",
					"@loader_path/Frameworks",
				);
				PRODUCT_BUNDLE_IDENTIFIER = com.nicenoodle.snoreless.watchtests;
				SDKROOT = watchos;
				SKIP_INSTALL = YES;
				TARGETED_DEVICE_FAMILY = 4;
				TEST_HOST = "$(BUILT_PRODUCTS_DIR)/SnoreLessWatch.app/SnoreLessWatch";
			};
			name = Debug;
		};
		E5B4FC6BA8527FF248257FF0 /* Release */ = {
			isa = XCBuildConfiguration;
			buildSettings = {
				CODE_SIGN_IDENTITY = "Apple Development";
				CODE_SIGN_STYLE = Automatic;
				GENERATE_INFOPLIST_FILE = NO;
				INFOPLIST_FILE = SnoreLessWatch/Complications/Info.plist;
				LD_RUNPATH_SEARCH_PATHS = (
					"$(inherited)",
					"@executable_path/Frameworks",
					"@executable_path/../../Frameworks",
				);
				PRODUCT_BUNDLE_IDENTIFIER = com.nicenoodle.snoreless.watchkitapp.widgets;
				SDKROOT = watchos;
				SKIP_INSTALL = YES;
				TARGETED_DEVICE_FAMILY = 4;
			};
			name = Release;
		};
		E7AF70D408D3B264931848B1 /* Debug */ = {
			isa = XCBuildConfiguration;
			buildSettings = {
				CODE_SIGN_ENTITLEMENTS = SnoreLessWidget/SnoreLessWidget.entitlements;
				CODE_SIGN_IDENTITY = "Apple Development";
				CODE_SIGN_STYLE = Automatic;
				GENERATE_INFOPLIST_FILE = NO;
				INFOPLIST_FILE = SnoreLessWidget/Info.plist;
				LD_RUNPATH_SEARCH_PATHS = (
					"$(inherited)",
					"@executable_path/Frameworks",
					"@executable_path/../../Frameworks",
				);
				PRODUCT_BUNDLE_IDENTIFIER = com.nicenoodle.snoreless.widget;
				SDKROOT = iphoneos;
				TARGETED_DEVICE_FAMILY = "1,2";
			};
			name = Debug;
		};
/* End XCBuildConfiguration section */

/* Begin XCConfigurationList section */
		1802F53702B2D17795860A39 /* Build configuration list for PBXNativeTarget "SnoreLess" */ = {
			isa = XCConfigurationList;
			buildConfigurations = (
				BA323844322F0178AAF7E7C8 /* Debug */,
				4B9FD4D684E5AAD39E9E138D /* Release */,
			);
			defaultConfigurationIsVisible = 0;
			defaultConfigurationName = Release;
		};
		2D7592B2D14215AF6F0F701B /* Build configuration list for PBXNativeTarget "SnoreLessWidget" */ = {
			isa = XCConfigurationList;
			buildConfigurations = (
				E7AF70D408D3B264931848B1 /* Debug */,
				35F5C377F2F764406C244E14 /* Release */,
			);
			defaultConfigurationIsVisible = 0;
			defaultConfigurationName = Release;
		};
		99B6F69916DBC8A5B9FAAF48 /* Build configuration list for PBXNativeTarget "SnoreLessWatchTests" */ = {
			isa = XCConfigurationList;
			buildConfigurations = (
				C72B588A790F0194241450B2 /* Debug */,
				C21CFD29EB8493B409ED605B /* Release */,
			);
			defaultConfigurationIsVisible = 0;
			defaultConfigurationName = Release;
		};
		A3F8EAC2E75553A9D05E4316 /* Build configuration list for PBXNativeTarget "SnoreLessWatchWidgets" */ = {
			isa = XCConfigurationList;
			buildConfigurations = (
				51D1B17AB64378F582B938B6 /* Debug */,
				E5B4FC6BA8527FF248257FF0 /* Release */,
			);
			defaultConfigurationIsVisible = 0;
			defaultConfigurationName = Release;
		};
		A8E2BD0A7447D970F3B504D3 /* Build configuration list for PBXNativeTarget "SnoreLessTests" */ = {
			isa = XCConfigurationList;
			buildConfigurations = (
				739A9E339E56FAF64C4F1427 /* Debug */,
				6DCB8566EAF71E3830C7E107 /* Release */,
			);
			defaultConfigurationIsVisible = 0;
			defaultConfigurationName = Release;
		};
		CE21E2A6D647B700FBC17E95 /* Build configuration list for PBXProject "SnoreLess" */ = {
			isa = XCConfigurationList;
			buildConfigurations = (
				31356AAFF509186F593CFB80 /* Debug */,
				C2C93925C3248F4B4FC188A5 /* Release */,
			);
			defaultConfigurationIsVisible = 0;
			defaultConfigurationName = Release;
		};
		E5364C4C71DD9F32899102D4 /* Build configuration list for PBXNativeTarget "SnoreLessWatch" */ = {
			isa = XCConfigurationList;
			buildConfigurations = (
				79901FC7EF6F18596FE3076D /* Debug */,
				29ED1CD9BE9DD633D3634324 /* Release */,
			);
			defaultConfigurationIsVisible = 0;
			defaultConfigurationName = Release;
		};
/* End XCConfigurationList section */
	};
	rootObject = 6BDD0B12892C9E80C4036906 /* Project object */;
}
